// !$*UTF8*$!
{
	archiveVersion = 1;
	classes = {
	};
	objectVersion = 55;
	objects = {

/* Begin PBXBuildFile section */
		DCE222CC2B71422500166872 /* AppDelegate.m in Sources */ = {isa = PBXBuildFile; fileRef = DCE222CB2B71422500166872 /* AppDelegate.m */; };
		DCE222CF2B71422500166872 /* SceneDelegate.m in Sources */ = {isa = PBXBuildFile; fileRef = DCE222CE2B71422500166872 /* SceneDelegate.m */; };
		DCE222D22B71422500166872 /* ViewController.m in Sources */ = {isa = PBXBuildFile; fileRef = DCE222D12B71422500166872 /* ViewController.m */; };
		DCE222DA2B71422700166872 /* Assets.xcassets in Resources */ = {isa = PBXBuildFile; fileRef = DCE222D92B71422700166872 /* Assets.xcassets */; };
		DCE222E02B71422700166872 /* main.m in Sources */ = {isa = PBXBuildFile; fileRef = DCE222DF2B71422700166872 /* main.m */; };
		DCE222EA2B71546700166872 /* DateTimePickerView.swift in Sources */ = {isa = PBXBuildFile; fileRef = DCE222E92B71546700166872 /* DateTimePickerView.swift */; };
		DCE222F12B71583D00166872 /* SwiftUIViewWrapper.swift in Sources */ = {isa = PBXBuildFile; fileRef = DCE222F02B71583D00166872 /* SwiftUIViewWrapper.swift */; };
		DCE222F32B716E9200166872 /* DateTimePickerViewModel.swift in Sources */ = {isa = PBXBuildFile; fileRef = DCE222F22B716E9100166872 /* DateTimePickerViewModel.swift */; };
		DCE222F62B718A5E00166872 /* CoreDataProvider.swift in Sources */ = {isa = PBXBuildFile; fileRef = DCE222F52B718A5E00166872 /* CoreDataProvider.swift */; };
		DCE223012B718C5E00166872 /* DatePicker.xcdatamodeld in Sources */ = {isa = PBXBuildFile; fileRef = DCE222FF2B718C5E00166872 /* DatePicker.xcdatamodeld */; };
		DCE223082B7195E300166872 /* DateTimeAPI.swift in Sources */ = {isa = PBXBuildFile; fileRef = DCE223072B7195E300166872 /* DateTimeAPI.swift */; };
/* End PBXBuildFile section */

/* Begin PBXFileReference section */
		DCE222C72B71422500166872 /* DateTimePicker.app */ = {isa = PBXFileReference; explicitFileType = wrapper.application; includeInIndex = 0; path = DateTimePicker.app; sourceTree = BUILT_PRODUCTS_DIR; };
		DCE222CA2B71422500166872 /* AppDelegate.h */ = {isa = PBXFileReference; lastKnownFileType = sourcecode.c.h; path = AppDelegate.h; sourceTree = "<group>"; };
		DCE222CB2B71422500166872 /* AppDelegate.m */ = {isa = PBXFileReference; lastKnownFileType = sourcecode.c.objc; path = AppDelegate.m; sourceTree = "<group>"; };
		DCE222CD2B71422500166872 /* SceneDelegate.h */ = {isa = PBXFileReference; lastKnownFileType = sourcecode.c.h; path = SceneDelegate.h; sourceTree = "<group>"; };
		DCE222CE2B71422500166872 /* SceneDelegate.m */ = {isa = PBXFileReference; lastKnownFileType = sourcecode.c.objc; path = SceneDelegate.m; sourceTree = "<group>"; };
		DCE222D02B71422500166872 /* ViewController.h */ = {isa = PBXFileReference; lastKnownFileType = sourcecode.c.h; path = ViewController.h; sourceTree = "<group>"; };
		DCE222D12B71422500166872 /* ViewController.m */ = {isa = PBXFileReference; lastKnownFileType = sourcecode.c.objc; path = ViewController.m; sourceTree = "<group>"; };
		DCE222D92B71422700166872 /* Assets.xcassets */ = {isa = PBXFileReference; lastKnownFileType = folder.assetcatalog; path = Assets.xcassets; sourceTree = "<group>"; };
		DCE222DE2B71422700166872 /* Info.plist */ = {isa = PBXFileReference; lastKnownFileType = text.plist.xml; path = Info.plist; sourceTree = "<group>"; };
		DCE222DF2B71422700166872 /* main.m */ = {isa = PBXFileReference; lastKnownFileType = sourcecode.c.objc; path = main.m; sourceTree = "<group>"; };
		DCE222E82B71546600166872 /* DateTimePicker-Bridging-Header.h */ = {isa = PBXFileReference; lastKnownFileType = sourcecode.c.h; path = "DateTimePicker-Bridging-Header.h"; sourceTree = "<group>"; };
		DCE222E92B71546700166872 /* DateTimePickerView.swift */ = {isa = PBXFileReference; lastKnownFileType = sourcecode.swift; path = DateTimePickerView.swift; sourceTree = "<group>"; };
		DCE222F02B71583D00166872 /* SwiftUIViewWrapper.swift */ = {isa = PBXFileReference; lastKnownFileType = sourcecode.swift; path = SwiftUIViewWrapper.swift; sourceTree = "<group>"; };
		DCE222F22B716E9100166872 /* DateTimePickerViewModel.swift */ = {isa = PBXFileReference; lastKnownFileType = sourcecode.swift; path = DateTimePickerViewModel.swift; sourceTree = "<group>"; };
		DCE222F52B718A5E00166872 /* CoreDataProvider.swift */ = {isa = PBXFileReference; fileEncoding = 4; lastKnownFileType = sourcecode.swift; path = CoreDataProvider.swift; sourceTree = "<group>"; };
		DCE223002B718C5E00166872 /* DatePicker.xcdatamodel */ = {isa = PBXFileReference; lastKnownFileType = wrapper.xcdatamodel; path = DatePicker.xcdatamodel; sourceTree = "<group>"; };
		DCE223022B718CCD00166872 /* Employee+CoreDataClass.swift */ = {isa = PBXFileReference; lastKnownFileType = sourcecode.swift; path = "Employee+CoreDataClass.swift"; sourceTree = "<group>"; };
		DCE223032B718CCD00166872 /* Employee+CoreDataProperties.swift */ = {isa = PBXFileReference; lastKnownFileType = sourcecode.swift; path = "Employee+CoreDataProperties.swift"; sourceTree = "<group>"; };
		DCE223072B7195E300166872 /* DateTimeAPI.swift */ = {isa = PBXFileReference; lastKnownFileType = sourcecode.swift; path = DateTimeAPI.swift; sourceTree = "<group>"; };
/* End PBXFileReference section */

/* Begin PBXFrameworksBuildPhase section */
		DCE222C42B71422500166872 /* Frameworks */ = {
			isa = PBXFrameworksBuildPhase;
			buildActionMask = 2147483647;
			files = (
			);
			runOnlyForDeploymentPostprocessing = 0;
		};
/* End PBXFrameworksBuildPhase section */

/* Begin PBXGroup section */
		DCE222BE2B71422500166872 = {
			isa = PBXGroup;
			children = (
				DCE222C92B71422500166872 /* DateTimePicker */,
				DCE222C82B71422500166872 /* Products */,
			);
			sourceTree = "<group>";
		};
		DCE222C82B71422500166872 /* Products */ = {
			isa = PBXGroup;
			children = (
				DCE222C72B71422500166872 /* DateTimePicker.app */,
			);
			name = Products;
			sourceTree = "<group>";
		};
		DCE222C92B71422500166872 /* DateTimePicker */ = {
			isa = PBXGroup;
			children = (
				DCE223062B7195CF00166872 /* API */,
				DCE222F72B718A7A00166872 /* AppDelegate */,
				DCE222F82B718A8A00166872 /* Controllers */,
				DCE222F42B718A3700166872 /* Database */,
				DCE223312B72093B00166872 /* Views */,
				DCE223322B72095B00166872 /* ViewModel */,
				DCE222E82B71546600166872 /* DateTimePicker-Bridging-Header.h */,
				DCE222DE2B71422700166872 /* Info.plist */,
				DCE222D92B71422700166872 /* Assets.xcassets */,
				DCE222DF2B71422700166872 /* main.m */,
			);
			path = DateTimePicker;
			sourceTree = "<group>";
		};
		DCE222F42B718A3700166872 /* Database */ = {
			isa = PBXGroup;
			children = (
				DCE222F52B718A5E00166872 /* CoreDataProvider.swift */,
				DCE222FF2B718C5E00166872 /* DatePicker.xcdatamodeld */,
				DCE223022B718CCD00166872 /* Employee+CoreDataClass.swift */,
				DCE223032B718CCD00166872 /* Employee+CoreDataProperties.swift */,
			);
			path = Database;
			sourceTree = "<group>";
		};
		DCE222F72B718A7A00166872 /* AppDelegate */ = {
			isa = PBXGroup;
			children = (
				DCE222CA2B71422500166872 /* AppDelegate.h */,
				DCE222CB2B71422500166872 /* AppDelegate.m */,
				DCE222CD2B71422500166872 /* SceneDelegate.h */,
				DCE222CE2B71422500166872 /* SceneDelegate.m */,
			);
			path = AppDelegate;
			sourceTree = "<group>";
		};
		DCE222F82B718A8A00166872 /* Controllers */ = {
			isa = PBXGroup;
			children = (
				DCE222D02B71422500166872 /* ViewController.h */,
				DCE222D12B71422500166872 /* ViewController.m */,
			);
			path = Controllers;
			sourceTree = "<group>";
		};
		DCE223062B7195CF00166872 /* API */ = {
			isa = PBXGroup;
			children = (
				DCE223072B7195E300166872 /* DateTimeAPI.swift */,
			);
			path = API;
			sourceTree = "<group>";
		};
		DCE223312B72093B00166872 /* Views */ = {
			isa = PBXGroup;
			children = (
				DCE222E92B71546700166872 /* DateTimePickerView.swift */,
				DCE222F02B71583D00166872 /* SwiftUIViewWrapper.swift */,
			);
			path = Views;
			sourceTree = "<group>";
		};
		DCE223322B72095B00166872 /* ViewModel */ = {
			isa = PBXGroup;
			children = (
				DCE222F22B716E9100166872 /* DateTimePickerViewModel.swift */,
			);
			path = ViewModel;
			sourceTree = "<group>";
		};
/* End PBXGroup section */

/* Begin PBXNativeTarget section */
		DCE222C62B71422500166872 /* DateTimePicker */ = {
			isa = PBXNativeTarget;
			buildConfigurationList = DCE222E32B71422700166872 /* Build configuration list for PBXNativeTarget "DateTimePicker" */;
			buildPhases = (
				DCE222C32B71422500166872 /* Sources */,
				DCE222C42B71422500166872 /* Frameworks */,
				DCE222C52B71422500166872 /* Resources */,
			);
			buildRules = (
			);
			dependencies = (
			);
			name = DateTimePicker;
			productName = DateTimePicker;
			productReference = DCE222C72B71422500166872 /* DateTimePicker.app */;
			productType = "com.apple.product-type.application";
		};
/* End PBXNativeTarget section */

/* Begin PBXProject section */
		DCE222BF2B71422500166872 /* Project object */ = {
			isa = PBXProject;
			attributes = {
				BuildIndependentTargetsInParallel = 1;
				LastUpgradeCheck = 1330;
				TargetAttributes = {
					DCE222C62B71422500166872 = {
						CreatedOnToolsVersion = 13.3.1;
						LastSwiftMigration = 1330;
					};
				};
			};
			buildConfigurationList = DCE222C22B71422500166872 /* Build configuration list for PBXProject "DateTimePicker" */;
			compatibilityVersion = "Xcode 13.0";
			developmentRegion = en;
			hasScannedForEncodings = 0;
			knownRegions = (
				en,
				Base,
			);
			mainGroup = DCE222BE2B71422500166872;
			productRefGroup = DCE222C82B71422500166872 /* Products */;
			projectDirPath = "";
			projectRoot = "";
			targets = (
				DCE222C62B71422500166872 /* DateTimePicker */,
			);
		};
/* End PBXProject section */

/* Begin PBXResourcesBuildPhase section */
		DCE222C52B71422500166872 /* Resources */ = {
			isa = PBXResourcesBuildPhase;
			buildActionMask = 2147483647;
			files = (
				DCE222DA2B71422700166872 /* Assets.xcassets in Resources */,
			);
			runOnlyForDeploymentPostprocessing = 0;
		};
/* End PBXResourcesBuildPhase section */

/* Begin PBXSourcesBuildPhase section */
		DCE222C32B71422500166872 /* Sources */ = {
			isa = PBXSourcesBuildPhase;
			buildActionMask = 2147483647;
			files = (
				DCE222E02B71422700166872 /* main.m in Sources */,
				DCE222D22B71422500166872 /* ViewController.m in Sources */,
				DCE222F12B71583D00166872 /* SwiftUIViewWrapper.swift in Sources */,
				DCE222CC2B71422500166872 /* AppDelegate.m in Sources */,
				DCE222EA2B71546700166872 /* DateTimePickerView.swift in Sources */,
				DCE223012B718C5E00166872 /* DatePicker.xcdatamodeld in Sources */,
				DCE223082B7195E300166872 /* DateTimeAPI.swift in Sources */,
				DCE222F62B718A5E00166872 /* CoreDataProvider.swift in Sources */,
				DCE222CF2B71422500166872 /* SceneDelegate.m in Sources */,
				DCE222F32B716E9200166872 /* DateTimePickerViewModel.swift in Sources */,
			);
			runOnlyForDeploymentPostprocessing = 0;
		};
/* End PBXSourcesBuildPhase section */

/* Begin XCBuildConfiguration section */
		DCE222E12B71422700166872 /* Debug */ = {
			isa = XCBuildConfiguration;
			buildSettings = {
				ALWAYS_SEARCH_USER_PATHS = NO;
				CLANG_ANALYZER_NONNULL = YES;
				CLANG_ANALYZER_NUMBER_OBJECT_CONVERSION = YES_AGGRESSIVE;
				CLANG_CXX_LANGUAGE_STANDARD = "gnu++17";
				CLANG_ENABLE_MODULES = YES;
				CLANG_ENABLE_OBJC_ARC = YES;
				CLANG_ENABLE_OBJC_WEAK = YES;
				CLANG_WARN_BLOCK_CAPTURE_AUTORELEASING = YES;
				CLANG_WARN_BOOL_CONVERSION = YES;
				CLANG_WARN_COMMA = YES;
				CLANG_WARN_CONSTANT_CONVERSION = YES;
				CLANG_WARN_DEPRECATED_OBJC_IMPLEMENTATIONS = YES;
				CLANG_WARN_DIRECT_OBJC_ISA_USAGE = YES_ERROR;
				CLANG_WARN_DOCUMENTATION_COMMENTS = YES;
				CLANG_WARN_EMPTY_BODY = YES;
				CLANG_WARN_ENUM_CONVERSION = YES;
				CLANG_WARN_INFINITE_RECURSION = YES;
				CLANG_WARN_INT_CONVERSION = YES;
				CLANG_WARN_NON_LITERAL_NULL_CONVERSION = YES;
				CLANG_WARN_OBJC_IMPLICIT_RETAIN_SELF = YES;
				CLANG_WARN_OBJC_LITERAL_CONVERSION = YES;
				CLANG_WARN_OBJC_ROOT_CLASS = YES_ERROR;
				CLANG_WARN_QUOTED_INCLUDE_IN_FRAMEWORK_HEADER = YES;
				CLANG_WARN_RANGE_LOOP_ANALYSIS = YES;
				CLANG_WARN_STRICT_PROTOTYPES = YES;
				CLANG_WARN_SUSPICIOUS_MOVE = YES;
				CLANG_WARN_UNGUARDED_AVAILABILITY = YES_AGGRESSIVE;
				CLANG_WARN_UNREACHABLE_CODE = YES;
				CLANG_WARN__DUPLICATE_METHOD_MATCH = YES;
				COPY_PHASE_STRIP = NO;
				DEBUG_INFORMATION_FORMAT = dwarf;
				ENABLE_STRICT_OBJC_MSGSEND = YES;
				ENABLE_TESTABILITY = YES;
				GCC_C_LANGUAGE_STANDARD = gnu11;
				GCC_DYNAMIC_NO_PIC = NO;
				GCC_NO_COMMON_BLOCKS = YES;
				GCC_OPTIMIZATION_LEVEL = 0;
				GCC_PREPROCESSOR_DEFINITIONS = (
					"DEBUG=1",
					"$(inherited)",
				);
				GCC_WARN_64_TO_32_BIT_CONVERSION = YES;
				GCC_WARN_ABOUT_RETURN_TYPE = YES_ERROR;
				GCC_WARN_UNDECLARED_SELECTOR = YES;
				GCC_WARN_UNINITIALIZED_AUTOS = YES_AGGRESSIVE;
				GCC_WARN_UNUSED_FUNCTION = YES;
				GCC_WARN_UNUSED_VARIABLE = YES;
				IPHONEOS_DEPLOYMENT_TARGET = 15.4;
				MTL_ENABLE_DEBUG_INFO = INCLUDE_SOURCE;
				MTL_FAST_MATH = YES;
				ONLY_ACTIVE_ARCH = YES;
				SDKROOT = iphoneos;
				SWIFT_OBJC_INTERFACE_HEADER_NAME = "DateTimePicker-Swift.h";
			};
			name = Debug;
		};
		DCE222E22B71422700166872 /* Release */ = {
			isa = XCBuildConfiguration;
			buildSettings = {
				ALWAYS_SEARCH_USER_PATHS = NO;
				CLANG_ANALYZER_NONNULL = YES;
				CLANG_ANALYZER_NUMBER_OBJECT_CONVERSION = YES_AGGRESSIVE;
				CLANG_CXX_LANGUAGE_STANDARD = "gnu++17";
				CLANG_ENABLE_MODULES = YES;
				CLANG_ENABLE_OBJC_ARC = YES;
				CLANG_ENABLE_OBJC_WEAK = YES;
				CLANG_WARN_BLOCK_CAPTURE_AUTORELEASING = YES;
				CLANG_WARN_BOOL_CONVERSION = YES;
				CLANG_WARN_COMMA = YES;
				CLANG_WARN_CONSTANT_CONVERSION = YES;
				CLANG_WARN_DEPRECATED_OBJC_IMPLEMENTATIONS = YES;
				CLANG_WARN_DIRECT_OBJC_ISA_USAGE = YES_ERROR;
				CLANG_WARN_DOCUMENTATION_COMMENTS = YES;
				CLANG_WARN_EMPTY_BODY = YES;
				CLANG_WARN_ENUM_CONVERSION = YES;
				CLANG_WARN_INFINITE_RECURSION = YES;
				CLANG_WARN_INT_CONVERSION = YES;
				CLANG_WARN_NON_LITERAL_NULL_CONVERSION = YES;
				CLANG_WARN_OBJC_IMPLICIT_RETAIN_SELF = YES;
				CLANG_WARN_OBJC_LITERAL_CONVERSION = YES;
				CLANG_WARN_OBJC_ROOT_CLASS = YES_ERROR;
				CLANG_WARN_QUOTED_INCLUDE_IN_FRAMEWORK_HEADER = YES;
				CLANG_WARN_RANGE_LOOP_ANALYSIS = YES;
				CLANG_WARN_STRICT_PROTOTYPES = YES;
				CLANG_WARN_SUSPICIOUS_MOVE = YES;
				CLANG_WARN_UNGUARDED_AVAILABILITY = YES_AGGRESSIVE;
				CLANG_WARN_UNREACHABLE_CODE = YES;
				CLANG_WARN__DUPLICATE_METHOD_MATCH = YES;
				COPY_PHASE_STRIP = NO;
				DEBUG_INFORMATION_FORMAT = "dwarf-with-dsym";
				ENABLE_NS_ASSERTIONS = NO;
				ENABLE_STRICT_OBJC_MSGSEND = YES;
				GCC_C_LANGUAGE_STANDARD = gnu11;
				GCC_NO_COMMON_BLOCKS = YES;
				GCC_WARN_64_TO_32_BIT_CONVERSION = YES;
				GCC_WARN_ABOUT_RETURN_TYPE = YES_ERROR;
				GCC_WARN_UNDECLARED_SELECTOR = YES;
				GCC_WARN_UNINITIALIZED_AUTOS = YES_AGGRESSIVE;
				GCC_WARN_UNUSED_FUNCTION = YES;
				GCC_WARN_UNUSED_VARIABLE = YES;
				IPHONEOS_DEPLOYMENT_TARGET = 15.4;
				MTL_ENABLE_DEBUG_INFO = NO;
				MTL_FAST_MATH = YES;
				SDKROOT = iphoneos;
				SWIFT_OBJC_INTERFACE_HEADER_NAME = "DateTimePicker-Swift.h";
				VALIDATE_PRODUCT = YES;
			};
			name = Release;
		};
		DCE222E42B71422700166872 /* Debug */ = {
			isa = XCBuildConfiguration;
			buildSettings = {
				ASSETCATALOG_COMPILER_APPICON_NAME = AppIcon;
				ASSETCATALOG_COMPILER_GLOBAL_ACCENT_COLOR_NAME = AccentColor;
				CLANG_ENABLE_MODULES = YES;
				CODE_SIGN_STYLE = Automatic;
				CURRENT_PROJECT_VERSION = 1;
				GENERATE_INFOPLIST_FILE = YES;
				INFOPLIST_FILE = DateTimePicker/Info.plist;
				INFOPLIST_KEY_UIApplicationSupportsIndirectInputEvents = YES;
				INFOPLIST_KEY_UILaunchStoryboardName = LaunchScreen;
				INFOPLIST_KEY_UISupportedInterfaceOrientations_iPad = "UIInterfaceOrientationPortrait UIInterfaceOrientationPortraitUpsideDown UIInterfaceOrientationLandscapeLeft UIInterfaceOrientationLandscapeRight";
				INFOPLIST_KEY_UISupportedInterfaceOrientations_iPhone = "UIInterfaceOrientationPortrait UIInterfaceOrientationLandscapeLeft UIInterfaceOrientationLandscapeRight";
				LD_RUNPATH_SEARCH_PATHS = (
					"$(inherited)",
					"@executable_path/Frameworks",
				);
				MARKETING_VERSION = 1.0;
				PRODUCT_BUNDLE_IDENTIFIER = sakshipatil.DateTimePicker;
				PRODUCT_NAME = "$(TARGET_NAME)";
				SWIFT_EMIT_LOC_STRINGS = YES;
				SWIFT_OBJC_BRIDGING_HEADER = "DateTimePicker/DateTimePicker-Bridging-Header.h";
				SWIFT_OPTIMIZATION_LEVEL = "-Onone";
				SWIFT_VERSION = 5.0;
				TARGETED_DEVICE_FAMILY = "1,2";
			};
			name = Debug;
		};
		DCE222E52B71422700166872 /* Release */ = {
			isa = XCBuildConfiguration;
			buildSettings = {
				ASSETCATALOG_COMPILER_APPICON_NAME = AppIcon;
				ASSETCATALOG_COMPILER_GLOBAL_ACCENT_COLOR_NAME = AccentColor;
				CLANG_ENABLE_MODULES = YES;
				CODE_SIGN_STYLE = Automatic;
				CURRENT_PROJECT_VERSION = 1;
				GENERATE_INFOPLIST_FILE = YES;
				INFOPLIST_FILE = DateTimePicker/Info.plist;
				INFOPLIST_KEY_UIApplicationSupportsIndirectInputEvents = YES;
				INFOPLIST_KEY_UILaunchStoryboardName = LaunchScreen;
				INFOPLIST_KEY_UISupportedInterfaceOrientations_iPad = "UIInterfaceOrientationPortrait UIInterfaceOrientationPortraitUpsideDown UIInterfaceOrientationLandscapeLeft UIInterfaceOrientationLandscapeRight";
				INFOPLIST_KEY_UISupportedInterfaceOrientations_iPhone = "UIInterfaceOrientationPortrait UIInterfaceOrientationLandscapeLeft UIInterfaceOrientationLandscapeRight";
				LD_RUNPATH_SEARCH_PATHS = (
					"$(inherited)",
					"@executable_path/Frameworks",
				);
				MARKETING_VERSION = 1.0;
				PRODUCT_BUNDLE_IDENTIFIER = sakshipatil.DateTimePicker;
				PRODUCT_NAME = "$(TARGET_NAME)";
				SWIFT_EMIT_LOC_STRINGS = YES;
				SWIFT_OBJC_BRIDGING_HEADER = "DateTimePicker/DateTimePicker-Bridging-Header.h";
				SWIFT_VERSION = 5.0;
				TARGETED_DEVICE_FAMILY = "1,2";
			};
			name = Release;
		};
/* End XCBuildConfiguration section */

/* Begin XCConfigurationList section */
		DCE222C22B71422500166872 /* Build configuration list for PBXProject "DateTimePicker" */ = {
			isa = XCConfigurationList;
			buildConfigurations = (
				DCE222E12B71422700166872 /* Debug */,
				DCE222E22B71422700166872 /* Release */,
			);
			defaultConfigurationIsVisible = 0;
			defaultConfigurationName = Release;
		};
		DCE222E32B71422700166872 /* Build configuration list for PBXNativeTarget "DateTimePicker" */ = {
			isa = XCConfigurationList;
			buildConfigurations = (
				DCE222E42B71422700166872 /* Debug */,
				DCE222E52B71422700166872 /* Release */,
			);
			defaultConfigurationIsVisible = 0;
			defaultConfigurationName = Release;
		};
/* End XCConfigurationList section */

/* Begin XCVersionGroup section */
		DCE222FF2B718C5E00166872 /* DatePicker.xcdatamodeld */ = {
			isa = XCVersionGroup;
			children = (
				DCE223002B718C5E00166872 /* DatePicker.xcdatamodel */,
			);
			currentVersion = DCE223002B718C5E00166872 /* DatePicker.xcdatamodel */;
			path = DatePicker.xcdatamodeld;
			sourceTree = "<group>";
			versionGroupType = wrapper.xcdatamodel;
		};
/* End XCVersionGroup section */
	};
	rootObject = DCE222BF2B71422500166872 /* Project object */;
}
